# This file is automatically @generated by Poetry 1.5.1 and should not be changed by hand.

[[package]]
name = "argcomplete"
version = "3.0.8"
description = "Bash tab completion for argparse"
optional = false
python-versions = ">=3.6"
files = [
    {file = "argcomplete-3.0.8-py3-none-any.whl", hash = "sha256:e36fd646839933cbec7941c662ecb65338248667358dd3d968405a4506a60d9b"},
    {file = "argcomplete-3.0.8.tar.gz", hash = "sha256:b9ca96448e14fa459d7450a4ab5a22bbf9cee4ba7adddf03e65c398b5daeea28"},
]

[package.extras]
test = ["coverage", "mypy", "pexpect", "ruff", "wheel"]

[[package]]
name = "things-py"
version = "0.0.15"
description = "A simple Python 3 library to read your Things app data."
optional = false
python-versions = ">=3.7"
files = [
    {file = "things.py-0.0.15-py3-none-any.whl", hash = "sha256:5c75e7f35eb6e9558fa937bfa0b7563f5dc3b726adade836131e572a15c47a0d"},
    {file = "things.py-0.0.15.tar.gz", hash = "sha256:95ee8602083cf8b9fde59f64486fa6f3d13b1f84bd565c60dd77599c07e7ea16"},
]

[metadata]
lock-version = "2.0"
python-versions = "^3.11"
content-hash = "5864bd9a74c2e73cf0a44e2f0f3280bb963b32652a0f1b3078ac75b160e036a9"
